
Microsoft Visual Studio Solution File, Format Version 12.00
# Visual Studio Version 17
VisualStudioVersion = 17.4.33122.133
MinimumVisualStudioVersion = 10.0.40219.1
Project("{FAE04EC0-301F-11D3-BF4B-00C04F79EFBC}") = "LatihanMaster", "LatihanMaster.csproj", "{13ECCE06-1FE8-4D1C-AF2B-FDE9D71738A4}"
EndProject
Global
	GlobalSection(SolutionConfigurationPlatforms) = preSolution
		Debug|Any CPU = Debug|Any CPU
		Release|Any CPU = Release|Any CPU
	EndGlobalSection
	GlobalSection(ProjectConfigurationPlatforms) = postSolution
		{13ECCE06-1FE8-4D1C-AF2B-FDE9D71738A4}.Debug|Any CPU.ActiveCfg = Debug|Any CPU
		{13ECCE06-1FE8-4D1C-AF2B-FDE9D71738A4}.Debug|Any CPU.Build.0 = Debug|Any CPU
		{13ECCE06-1FE8-4D1C-AF2B-FDE9D71738A4}.Release|Any CPU.ActiveCfg = Release|Any CPU
		{13ECCE06-1FE8-4D1C-AF2B-FDE9D71738A4}.Release|Any CPU.Build.0 = Release|Any CPU
	EndGlobalSection
	GlobalSection(SolutionProperties) = preSolution
		HideSolutionNode = FALSE
	EndGlobalSection
	GlobalSection(ExtensibilityGlobals) = postSolution
		SolutionGuid = {7CD5F5A0-5134-438E-9F81-CE5DF1B2A1B5}
	EndGlobalSection
EndGlobal
